<Solution>
  <Folder Name="/src/">
    <Project Path="src/Glacier.Mobile/Glacier.Mobile.csproj" />
  </Folder>
  <Folder Name="/tests/">
    <Project Path="tests/Glacier.Mobile.Tests/Glacier.Mobile.Tests.csproj" />
  </Folder>
  <Folder Name="/benchmarks/">
    <Project Path="benchmarks/Glacier.Mobile.Benchmarks/Glacier.Mobile.Benchmarks.csproj" />
  </Folder>
  <Folder Name="/samples/">
    <Project Path="samples/Glacier.Mobile.Sample/Glacier.Mobile.Sample.csproj" />
  </Folder>
</Solution>
